// !$*UTF8*$!
{
	archiveVersion = 1;
	classes = {
	};
	objectVersion = 63;
	objects = {

/* Begin PBXBuildFile section */
		0DA15DC1EFE26D1CA9EB295E /* SettingsView.swift in Sources */ = {isa = PBXBuildFile; fileRef = 6A3B93FD2B9B477B268D5211 /* SettingsView.swift */; };
		4483CB17BF3086DB5E138D89 /* ContentView.swift in Sources */ = {isa = PBXBuildFile; fileRef = 289B8169CF7503DB007563AF /* ContentView.swift */; };
		A1B2C3D4E5F60001AABB0001 /* TimerLog.swift in Sources */ = {isa = PBXBuildFile; fileRef = A1B2C3D4E5F60002AABB0001 /* TimerLog.swift */; };
		A1B2C3D4E5F60001AABB0002 /* SoundOption.swift in Sources */ = {isa = PBXBuildFile; fileRef = A1B2C3D4E5F60002AABB0002 /* SoundOption.swift */; };
		A1B2C3D4E5F60001AABB0003 /* LogView.swift in Sources */ = {isa = PBXBuildFile; fileRef = A1B2C3D4E5F60002AABB0003 /* LogView.swift */; };
		AACC000100010001AACC0001 /* ScreenshotUITests.swift in Sources */ = {isa = PBXBuildFile; fileRef = AACC000100010002AACC0002 /* ScreenshotUITests.swift */; };
		B727C0CB87444A68276C1640 /* TimerSection.swift in Sources */ = {isa = PBXBuildFile; fileRef = 0EC9F8854F9A3DE70755290C /* TimerSection.swift */; };
		B878A34C8AB0461350C8072C /* Assets.xcassets in Resources */ = {isa = PBXBuildFile; fileRef = 9A07F86FCEDBA80E957B5100 /* Assets.xcassets */; };
		C1D2E3F4A5B60001DDCC0010 /* Localizable.xcstrings in Resources */ = {isa = PBXBuildFile; fileRef = C1D2E3F4A5B60002DDCC0010 /* Localizable.xcstrings */; };
		DCB2139D525B402EAEEE2B14 /* SimpleTimerApp.swift in Sources */ = {isa = PBXBuildFile; fileRef = AC12012C7DBCB7EDFB4C768F /* SimpleTimerApp.swift */; };
		F1A2B3C4D5E6F7A8B9C0D2E1 /* alarm.caf in Resources */ = {isa = PBXBuildFile; fileRef = F1A2B3C4D5E6F7A8B9C0D1E1 /* alarm.caf */; };
		F1A2B3C4D5E6F7A8B9C0D2E2 /* Anticipate.caf in Resources */ = {isa = PBXBuildFile; fileRef = F1A2B3C4D5E6F7A8B9C0D1E2 /* Anticipate.caf */; };
		F1A2B3C4D5E6F7A8B9C0D2E3 /* Bloom.caf in Resources */ = {isa = PBXBuildFile; fileRef = F1A2B3C4D5E6F7A8B9C0D1E3 /* Bloom.caf */; };
		F1A2B3C4D5E6F7A8B9C0D2E4 /* Calypso.caf in Resources */ = {isa = PBXBuildFile; fileRef = F1A2B3C4D5E6F7A8B9C0D1E4 /* Calypso.caf */; };
		F1A2B3C4D5E6F7A8B9C0D2E5 /* Choo_Choo.caf in Resources */ = {isa = PBXBuildFile; fileRef = F1A2B3C4D5E6F7A8B9C0D1E5 /* Choo_Choo.caf */; };
		F1A2B3C4D5E6F7A8B9C0D2E6 /* Descent.caf in Resources */ = {isa = PBXBuildFile; fileRef = F1A2B3C4D5E6F7A8B9C0D1E6 /* Descent.caf */; };
		F1A2B3C4D5E6F7A8B9C0D2E7 /* Fanfare.caf in Resources */ = {isa = PBXBuildFile; fileRef = F1A2B3C4D5E6F7A8B9C0D1E7 /* Fanfare.caf */; };
		F1A2B3C4D5E6F7A8B9C0D2E8 /* Ladder.caf in Resources */ = {isa = PBXBuildFile; fileRef = F1A2B3C4D5E6F7A8B9C0D1E8 /* Ladder.caf */; };
		F1A2B3C4D5E6F7A8B9C0D2E9 /* Minuet.caf in Resources */ = {isa = PBXBuildFile; fileRef = F1A2B3C4D5E6F7A8B9C0D1E9 /* Minuet.caf */; };
		F1A2B3C4D5E6F7A8B9C0D2EA /* News_Flash.caf in Resources */ = {isa = PBXBuildFile; fileRef = F1A2B3C4D5E6F7A8B9C0D1EA /* News_Flash.caf */; };
		F1A2B3C4D5E6F7A8B9C0D2EB /* Noir.caf in Resources */ = {isa = PBXBuildFile; fileRef = F1A2B3C4D5E6F7A8B9C0D1EB /* Noir.caf */; };
		F1A2B3C4D5E6F7A8B9C0D2EC /* Sherwood_Forest.caf in Resources */ = {isa = PBXBuildFile; fileRef = F1A2B3C4D5E6F7A8B9C0D1EC /* Sherwood_Forest.caf */; };
		F1A2B3C4D5E6F7A8B9C0D2ED /* Spell.caf in Resources */ = {isa = PBXBuildFile; fileRef = F1A2B3C4D5E6F7A8B9C0D1ED /* Spell.caf */; };
		F1A2B3C4D5E6F7A8B9C0D2EE /* Suspense.caf in Resources */ = {isa = PBXBuildFile; fileRef = F1A2B3C4D5E6F7A8B9C0D1EE /* Suspense.caf */; };
		F1A2B3C4D5E6F7A8B9C0D2EF /* Telegraph.caf in Resources */ = {isa = PBXBuildFile; fileRef = F1A2B3C4D5E6F7A8B9C0D1EF /* Telegraph.caf */; };
		F1A2B3C4D5E6F7A8B9C0D2F0 /* Tiptoes.caf in Resources */ = {isa = PBXBuildFile; fileRef = F1A2B3C4D5E6F7A8B9C0D1F0 /* Tiptoes.caf */; };
		F1A2B3C4D5E6F7A8B9C0D4E2 /* TimerActivityAttributes.swift in Sources */ = {isa = PBXBuildFile; fileRef = F1A2B3C4D5E6F7A8B9C0D4E1 /* TimerActivityAttributes.swift */; };
		F1A2B3C4D5E6F7A8B9C0E003 /* TimerLiveActivity.swift in Sources */ = {isa = PBXBuildFile; fileRef = F1A2B3C4D5E6F7A8B9C0E002 /* TimerLiveActivity.swift */; };
		F1A2B3C4D5E6F7A8B9C0E00F /* SimpleTimerWidgets.appex in Embed App Extensions */ = {isa = PBXBuildFile; fileRef = F1A2B3C4D5E6F7A8B9C0E001 /* SimpleTimerWidgets.appex */; settings = {ATTRIBUTES = (RemoveHeadersOnCopy, ); }; };
		F1A2B3C4D5E6F7A8B9C0E010 /* TimerActivityAttributes.swift in Sources */ = {isa = PBXBuildFile; fileRef = F1A2B3C4D5E6F7A8B9C0D4E1 /* TimerActivityAttributes.swift */; };
/* End PBXBuildFile section */

/* Begin PBXContainerItemProxy section */
		AACC000100010005AACC0005 /* PBXContainerItemProxy */ = {
			isa = PBXContainerItemProxy;
			containerPortal = 1796F758820ECC507D91C41F /* Project object */;
			proxyType = 1;
			remoteGlobalIDString = 76FB540336FA83FA1D80C06F;
			remoteInfo = SimpleTimer;
		};
		F1A2B3C4D5E6F7A8B9C0E00C /* PBXContainerItemProxy */ = {
			isa = PBXContainerItemProxy;
			containerPortal = 1796F758820ECC507D91C41F /* Project object */;
			proxyType = 1;
			remoteGlobalIDString = F1A2B3C4D5E6F7A8B9C0E004;
			remoteInfo = SimpleTimerWidgets;
		};
/* End PBXContainerItemProxy section */

/* Begin PBXCopyFilesBuildPhase section */
		F1A2B3C4D5E6F7A8B9C0E00E /* Embed App Extensions */ = {
			isa = PBXCopyFilesBuildPhase;
			buildActionMask = 2147483647;
			dstPath = "";
			dstSubfolderSpec = 13;
			files = (
				F1A2B3C4D5E6F7A8B9C0E00F /* SimpleTimerWidgets.appex in Embed App Extensions */,
			);
			name = "Embed App Extensions";
			runOnlyForDeploymentPostprocessing = 0;
		};
/* End PBXCopyFilesBuildPhase section */

/* Begin PBXFileReference section */
		0EC9F8854F9A3DE70755290C /* TimerSection.swift */ = {isa = PBXFileReference; lastKnownFileType = sourcecode.swift; path = TimerSection.swift; sourceTree = "<group>"; };
		289B8169CF7503DB007563AF /* ContentView.swift */ = {isa = PBXFileReference; lastKnownFileType = sourcecode.swift; path = ContentView.swift; sourceTree = "<group>"; };
		6A3B93FD2B9B477B268D5211 /* SettingsView.swift */ = {isa = PBXFileReference; lastKnownFileType = sourcecode.swift; path = SettingsView.swift; sourceTree = "<group>"; };
		9A07F86FCEDBA80E957B5100 /* Assets.xcassets */ = {isa = PBXFileReference; lastKnownFileType = folder.assetcatalog; path = Assets.xcassets; sourceTree = "<group>"; };
		A1B2C3D4E5F60002AABB0001 /* TimerLog.swift */ = {isa = PBXFileReference; lastKnownFileType = sourcecode.swift; path = TimerLog.swift; sourceTree = "<group>"; };
		A1B2C3D4E5F60002AABB0002 /* SoundOption.swift */ = {isa = PBXFileReference; lastKnownFileType = sourcecode.swift; path = SoundOption.swift; sourceTree = "<group>"; };
		A1B2C3D4E5F60002AABB0003 /* LogView.swift */ = {isa = PBXFileReference; lastKnownFileType = sourcecode.swift; path = LogView.swift; sourceTree = "<group>"; };
		AACC000100010002AACC0002 /* ScreenshotUITests.swift */ = {isa = PBXFileReference; lastKnownFileType = sourcecode.swift; path = ScreenshotUITests.swift; sourceTree = "<group>"; };
		AACC000100010003AACC0003 /* SimpleTimerUITests.xctest */ = {isa = PBXFileReference; explicitFileType = wrapper.cfbundle; includeInIndex = 0; path = SimpleTimerUITests.xctest; sourceTree = BUILT_PRODUCTS_DIR; };
		AC12012C7DBCB7EDFB4C768F /* SimpleTimerApp.swift */ = {isa = PBXFileReference; lastKnownFileType = sourcecode.swift; path = SimpleTimerApp.swift; sourceTree = "<group>"; };
		C1D2E3F4A5B60002DDCC0010 /* Localizable.xcstrings */ = {isa = PBXFileReference; lastKnownFileType = text.json.xcstrings; path = Localizable.xcstrings; sourceTree = "<group>"; };
		D7B5DF07F5FA722EC839DD58 /* SimpleTimer.app */ = {isa = PBXFileReference; explicitFileType = wrapper.application; includeInIndex = 0; path = SimpleTimer.app; sourceTree = BUILT_PRODUCTS_DIR; };
		F1A2B3C4D5E6F7A8B9C0D1E1 /* alarm.caf */ = {isa = PBXFileReference; lastKnownFileType = file; path = alarm.caf; sourceTree = "<group>"; };
		F1A2B3C4D5E6F7A8B9C0D1E2 /* Anticipate.caf */ = {isa = PBXFileReference; lastKnownFileType = file; path = Anticipate.caf; sourceTree = "<group>"; };
		F1A2B3C4D5E6F7A8B9C0D1E3 /* Bloom.caf */ = {isa = PBXFileReference; lastKnownFileType = file; path = Bloom.caf; sourceTree = "<group>"; };
		F1A2B3C4D5E6F7A8B9C0D1E4 /* Calypso.caf */ = {isa = PBXFileReference; lastKnownFileType = file; path = Calypso.caf; sourceTree = "<group>"; };
		F1A2B3C4D5E6F7A8B9C0D1E5 /* Choo_Choo.caf */ = {isa = PBXFileReference; lastKnownFileType = file; path = Choo_Choo.caf; sourceTree = "<group>"; };
		F1A2B3C4D5E6F7A8B9C0D1E6 /* Descent.caf */ = {isa = PBXFileReference; lastKnownFileType = file; path = Descent.caf; sourceTree = "<group>"; };
		F1A2B3C4D5E6F7A8B9C0D1E7 /* Fanfare.caf */ = {isa = PBXFileReference; lastKnownFileType = file; path = Fanfare.caf; sourceTree = "<group>"; };
		F1A2B3C4D5E6F7A8B9C0D1E8 /* Ladder.caf */ = {isa = PBXFileReference; lastKnownFileType = file; path = Ladder.caf; sourceTree = "<group>"; };
		F1A2B3C4D5E6F7A8B9C0D1E9 /* Minuet.caf */ = {isa = PBXFileReference; lastKnownFileType = file; path = Minuet.caf; sourceTree = "<group>"; };
		F1A2B3C4D5E6F7A8B9C0D1EA /* News_Flash.caf */ = {isa = PBXFileReference; lastKnownFileType = file; path = News_Flash.caf; sourceTree = "<group>"; };
		F1A2B3C4D5E6F7A8B9C0D1EB /* Noir.caf */ = {isa = PBXFileReference; lastKnownFileType = file; path = Noir.caf; sourceTree = "<group>"; };
		F1A2B3C4D5E6F7A8B9C0D1EC /* Sherwood_Forest.caf */ = {isa = PBXFileReference; lastKnownFileType = file; path = Sherwood_Forest.caf; sourceTree = "<group>"; };
		F1A2B3C4D5E6F7A8B9C0D1ED /* Spell.caf */ = {isa = PBXFileReference; lastKnownFileType = file; path = Spell.caf; sourceTree = "<group>"; };
		F1A2B3C4D5E6F7A8B9C0D1EE /* Suspense.caf */ = {isa = PBXFileReference; lastKnownFileType = file; path = Suspense.caf; sourceTree = "<group>"; };
		F1A2B3C4D5E6F7A8B9C0D1EF /* Telegraph.caf */ = {isa = PBXFileReference; lastKnownFileType = file; path = Telegraph.caf; sourceTree = "<group>"; };
		F1A2B3C4D5E6F7A8B9C0D1F0 /* Tiptoes.caf */ = {isa = PBXFileReference; lastKnownFileType = file; path = Tiptoes.caf; sourceTree = "<group>"; };
		F1A2B3C4D5E6F7A8B9C0D4E1 /* TimerActivityAttributes.swift */ = {isa = PBXFileReference; lastKnownFileType = sourcecode.swift; path = TimerActivityAttributes.swift; sourceTree = "<group>"; };
		F1A2B3C4D5E6F7A8B9C0E001 /* SimpleTimerWidgets.appex */ = {isa = PBXFileReference; explicitFileType = "wrapper.app-extension"; includeInIndex = 0; path = SimpleTimerWidgets.appex; sourceTree = BUILT_PRODUCTS_DIR; };
		F1A2B3C4D5E6F7A8B9C0E002 /* TimerLiveActivity.swift */ = {isa = PBXFileReference; lastKnownFileType = sourcecode.swift; path = TimerLiveActivity.swift; sourceTree = "<group>"; };
		F1A2B3C4D5E6F7A8B9C0E011 /* Info.plist */ = {isa = PBXFileReference; lastKnownFileType = text.plist.xml; path = Info.plist; sourceTree = "<group>"; };
/* End PBXFileReference section */

/* Begin PBXFrameworksBuildPhase section */
		AACC000100010009AACC0009 /* Frameworks */ = {
			isa = PBXFrameworksBuildPhase;
			buildActionMask = 2147483647;
			files = (
			);
			runOnlyForDeploymentPostprocessing = 0;
		};
		F1A2B3C4D5E6F7A8B9C0E007 /* Frameworks */ = {
			isa = PBXFrameworksBuildPhase;
			buildActionMask = 2147483647;
			files = (
			);
			runOnlyForDeploymentPostprocessing = 0;
		};
/* End PBXFrameworksBuildPhase section */

/* Begin PBXGroup section */
		249483A16AF2E1C72B3F2C84 = {
			isa = PBXGroup;
			children = (
				ECBEBAB21B0EAD3717A1FBBE /* SimpleTimer */,
				F1A2B3C4D5E6F7A8B9C0E00B /* SimpleTimerWidgets */,
				AACC000100010004AACC0004 /* SimpleTimerUITests */,
				ED46ED04A93B59FB3E74A690 /* Products */,
			);
			sourceTree = "<group>";
		};
		AACC000100010004AACC0004 /* SimpleTimerUITests */ = {
			isa = PBXGroup;
			children = (
				AACC000100010002AACC0002 /* ScreenshotUITests.swift */,
			);
			path = SimpleTimerUITests;
			sourceTree = "<group>";
		};
		ECBEBAB21B0EAD3717A1FBBE /* SimpleTimer */ = {
			isa = PBXGroup;
			children = (
				9A07F86FCEDBA80E957B5100 /* Assets.xcassets */,
				289B8169CF7503DB007563AF /* ContentView.swift */,
				C1D2E3F4A5B60002DDCC0010 /* Localizable.xcstrings */,
				A1B2C3D4E5F60002AABB0003 /* LogView.swift */,
				6A3B93FD2B9B477B268D5211 /* SettingsView.swift */,
				AC12012C7DBCB7EDFB4C768F /* SimpleTimerApp.swift */,
				A1B2C3D4E5F60002AABB0002 /* SoundOption.swift */,
				F1A2B3C4D5E6F7A8B9C0D3E1 /* Sounds */,
				F1A2B3C4D5E6F7A8B9C0D4E1 /* TimerActivityAttributes.swift */,
				0EC9F8854F9A3DE70755290C /* TimerSection.swift */,
				A1B2C3D4E5F60002AABB0001 /* TimerLog.swift */,
			);
			path = SimpleTimer;
			sourceTree = "<group>";
		};
		ED46ED04A93B59FB3E74A690 /* Products */ = {
			isa = PBXGroup;
			children = (
				D7B5DF07F5FA722EC839DD58 /* SimpleTimer.app */,
				AACC000100010003AACC0003 /* SimpleTimerUITests.xctest */,
				F1A2B3C4D5E6F7A8B9C0E001 /* SimpleTimerWidgets.appex */,
			);
			name = Products;
			sourceTree = "<group>";
		};
		F1A2B3C4D5E6F7A8B9C0D3E1 /* Sounds */ = {
			isa = PBXGroup;
			children = (
				F1A2B3C4D5E6F7A8B9C0D1E1 /* alarm.caf */,
				F1A2B3C4D5E6F7A8B9C0D1E2 /* Anticipate.caf */,
				F1A2B3C4D5E6F7A8B9C0D1E3 /* Bloom.caf */,
				F1A2B3C4D5E6F7A8B9C0D1E4 /* Calypso.caf */,
				F1A2B3C4D5E6F7A8B9C0D1E5 /* Choo_Choo.caf */,
				F1A2B3C4D5E6F7A8B9C0D1E6 /* Descent.caf */,
				F1A2B3C4D5E6F7A8B9C0D1E7 /* Fanfare.caf */,
				F1A2B3C4D5E6F7A8B9C0D1E8 /* Ladder.caf */,
				F1A2B3C4D5E6F7A8B9C0D1E9 /* Minuet.caf */,
				F1A2B3C4D5E6F7A8B9C0D1EA /* News_Flash.caf */,
				F1A2B3C4D5E6F7A8B9C0D1EB /* Noir.caf */,
				F1A2B3C4D5E6F7A8B9C0D1EC /* Sherwood_Forest.caf */,
				F1A2B3C4D5E6F7A8B9C0D1ED /* Spell.caf */,
				F1A2B3C4D5E6F7A8B9C0D1EE /* Suspense.caf */,
				F1A2B3C4D5E6F7A8B9C0D1EF /* Telegraph.caf */,
				F1A2B3C4D5E6F7A8B9C0D1F0 /* Tiptoes.caf */,
			);
			path = Sounds;
			sourceTree = "<group>";
		};
		F1A2B3C4D5E6F7A8B9C0E00B /* SimpleTimerWidgets */ = {
			isa = PBXGroup;
			children = (
				F1A2B3C4D5E6F7A8B9C0E002 /* TimerLiveActivity.swift */,
				F1A2B3C4D5E6F7A8B9C0E011 /* Info.plist */,
			);
			path = SimpleTimerWidgets;
			sourceTree = "<group>";
		};
/* End PBXGroup section */

/* Begin PBXNativeTarget section */
		76FB540336FA83FA1D80C06F /* SimpleTimer */ = {
			isa = PBXNativeTarget;
			buildConfigurationList = F9B109DE323EA4CA8B7B0CD8 /* Build configuration list for PBXNativeTarget "SimpleTimer" */;
			buildPhases = (
				8DE814E0DFF6F1C5CDC3D085 /* Sources */,
				CB00B06C048B8A2E89304BDA /* Resources */,
				F1A2B3C4D5E6F7A8B9C0E00E /* Embed App Extensions */,
			);
			buildRules = (
			);
			dependencies = (
				F1A2B3C4D5E6F7A8B9C0E00D /* PBXTargetDependency */,
			);
			name = SimpleTimer;
			packageProductDependencies = (
			);
			productName = SimpleTimer;
			productReference = D7B5DF07F5FA722EC839DD58 /* SimpleTimer.app */;
			productType = "com.apple.product-type.application";
		};
		AACC000100010007AACC0007 /* SimpleTimerUITests */ = {
			isa = PBXNativeTarget;
			buildConfigurationList = AACC00010001000DAACC000D /* Build configuration list for PBXNativeTarget "SimpleTimerUITests" */;
			buildPhases = (
				AACC000100010008AACC0008 /* Sources */,
				AACC00010001000AAACC000A /* Resources */,
				AACC000100010009AACC0009 /* Frameworks */,
			);
			buildRules = (
			);
			dependencies = (
				AACC000100010006AACC0006 /* PBXTargetDependency */,
			);
			name = SimpleTimerUITests;
			productName = SimpleTimerUITests;
			productReference = AACC000100010003AACC0003 /* SimpleTimerUITests.xctest */;
			productType = "com.apple.product-type.bundle.ui-testing";
		};
		F1A2B3C4D5E6F7A8B9C0E004 /* SimpleTimerWidgets */ = {
			isa = PBXNativeTarget;
			buildConfigurationList = F1A2B3C4D5E6F7A8B9C0E008 /* Build configuration list for PBXNativeTarget "SimpleTimerWidgets" */;
			buildPhases = (
				F1A2B3C4D5E6F7A8B9C0E005 /* Sources */,
				F1A2B3C4D5E6F7A8B9C0E006 /* Resources */,
				F1A2B3C4D5E6F7A8B9C0E007 /* Frameworks */,
			);
			buildRules = (
			);
			dependencies = (
			);
			name = SimpleTimerWidgets;
			productName = SimpleTimerWidgets;
			productReference = F1A2B3C4D5E6F7A8B9C0E001 /* SimpleTimerWidgets.appex */;
			productType = "com.apple.product-type.app-extension";
		};
/* End PBXNativeTarget section */

/* Begin PBXProject section */
		1796F758820ECC507D91C41F /* Project object */ = {
			isa = PBXProject;
			attributes = {
				BuildIndependentTargetsInParallel = YES;
				LastUpgradeCheck = 1540;
				TargetAttributes = {
					AACC000100010007AACC0007 = {
						DevelopmentTeam = 97M8QABMLM;
						TestTargetID = 76FB540336FA83FA1D80C06F;
					};
					F1A2B3C4D5E6F7A8B9C0E004 = {
						DevelopmentTeam = 97M8QABMLM;
					};
				};
			};
			buildConfigurationList = B2FFC68FE2917FC33C22FFB5 /* Build configuration list for PBXProject "SimpleTimer" */;
			compatibilityVersion = "Xcode 14.0";
			developmentRegion = en;
			hasScannedForEncodings = 0;
			knownRegions = (
				Base,
				de,
				en,
			);
			mainGroup = 249483A16AF2E1C72B3F2C84;
			minimizedProjectReferenceProxies = 1;
			projectDirPath = "";
			projectRoot = "";
			targets = (
				76FB540336FA83FA1D80C06F /* SimpleTimer */,
				F1A2B3C4D5E6F7A8B9C0E004 /* SimpleTimerWidgets */,
				AACC000100010007AACC0007 /* SimpleTimerUITests */,
			);
		};
/* End PBXProject section */

/* Begin PBXResourcesBuildPhase section */
		AACC00010001000AAACC000A /* Resources */ = {
			isa = PBXResourcesBuildPhase;
			buildActionMask = 2147483647;
			files = (
			);
			runOnlyForDeploymentPostprocessing = 0;
		};
		CB00B06C048B8A2E89304BDA /* Resources */ = {
			isa = PBXResourcesBuildPhase;
			buildActionMask = 2147483647;
			files = (
				B878A34C8AB0461350C8072C /* Assets.xcassets in Resources */,
				C1D2E3F4A5B60001DDCC0010 /* Localizable.xcstrings in Resources */,
				F1A2B3C4D5E6F7A8B9C0D2E1 /* alarm.caf in Resources */,
				F1A2B3C4D5E6F7A8B9C0D2E2 /* Anticipate.caf in Resources */,
				F1A2B3C4D5E6F7A8B9C0D2E3 /* Bloom.caf in Resources */,
				F1A2B3C4D5E6F7A8B9C0D2E4 /* Calypso.caf in Resources */,
				F1A2B3C4D5E6F7A8B9C0D2E5 /* Choo_Choo.caf in Resources */,
				F1A2B3C4D5E6F7A8B9C0D2E6 /* Descent.caf in Resources */,
				F1A2B3C4D5E6F7A8B9C0D2E7 /* Fanfare.caf in Resources */,
				F1A2B3C4D5E6F7A8B9C0D2E8 /* Ladder.caf in Resources */,
				F1A2B3C4D5E6F7A8B9C0D2E9 /* Minuet.caf in Resources */,
				F1A2B3C4D5E6F7A8B9C0D2EA /* News_Flash.caf in Resources */,
				F1A2B3C4D5E6F7A8B9C0D2EB /* Noir.caf in Resources */,
				F1A2B3C4D5E6F7A8B9C0D2EC /* Sherwood_Forest.caf in Resources */,
				F1A2B3C4D5E6F7A8B9C0D2ED /* Spell.caf in Resources */,
				F1A2B3C4D5E6F7A8B9C0D2EE /* Suspense.caf in Resources */,
				F1A2B3C4D5E6F7A8B9C0D2EF /* Telegraph.caf in Resources */,
				F1A2B3C4D5E6F7A8B9C0D2F0 /* Tiptoes.caf in Resources */,
			);
			runOnlyForDeploymentPostprocessing = 0;
		};
		F1A2B3C4D5E6F7A8B9C0E006 /* Resources */ = {
			isa = PBXResourcesBuildPhase;
			buildActionMask = 2147483647;
			files = (
			);
			runOnlyForDeploymentPostprocessing = 0;
		};
/* End PBXResourcesBuildPhase section */

/* Begin PBXSourcesBuildPhase section */
		8DE814E0DFF6F1C5CDC3D085 /* Sources */ = {
			isa = PBXSourcesBuildPhase;
			buildActionMask = 2147483647;
			files = (
				4483CB17BF3086DB5E138D89 /* ContentView.swift in Sources */,
				A1B2C3D4E5F60001AABB0003 /* LogView.swift in Sources */,
				0DA15DC1EFE26D1CA9EB295E /* SettingsView.swift in Sources */,
				DCB2139D525B402EAEEE2B14 /* SimpleTimerApp.swift in Sources */,
				A1B2C3D4E5F60001AABB0002 /* SoundOption.swift in Sources */,
				B727C0CB87444A68276C1640 /* TimerSection.swift in Sources */,
				A1B2C3D4E5F60001AABB0001 /* TimerLog.swift in Sources */,
				F1A2B3C4D5E6F7A8B9C0D4E2 /* TimerActivityAttributes.swift in Sources */,
			);
			runOnlyForDeploymentPostprocessing = 0;
		};
		AACC000100010008AACC0008 /* Sources */ = {
			isa = PBXSourcesBuildPhase;
			buildActionMask = 2147483647;
			files = (
				AACC000100010001AACC0001 /* ScreenshotUITests.swift in Sources */,
			);
			runOnlyForDeploymentPostprocessing = 0;
		};
		F1A2B3C4D5E6F7A8B9C0E005 /* Sources */ = {
			isa = PBXSourcesBuildPhase;
			buildActionMask = 2147483647;
			files = (
				F1A2B3C4D5E6F7A8B9C0E003 /* TimerLiveActivity.swift in Sources */,
				F1A2B3C4D5E6F7A8B9C0E010 /* TimerActivityAttributes.swift in Sources */,
			);
			runOnlyForDeploymentPostprocessing = 0;
		};
/* End PBXSourcesBuildPhase section */

/* Begin PBXTargetDependency section */
		AACC000100010006AACC0006 /* PBXTargetDependency */ = {
			isa = PBXTargetDependency;
			target = 76FB540336FA83FA1D80C06F /* SimpleTimer */;
			targetProxy = AACC000100010005AACC0005 /* PBXContainerItemProxy */;
		};
		F1A2B3C4D5E6F7A8B9C0E00D /* PBXTargetDependency */ = {
			isa = PBXTargetDependency;
			target = F1A2B3C4D5E6F7A8B9C0E004 /* SimpleTimerWidgets */;
			targetProxy = F1A2B3C4D5E6F7A8B9C0E00C /* PBXContainerItemProxy */;
		};
/* End PBXTargetDependency section */

/* Begin XCBuildConfiguration section */
		3B5B77E9FA9240C754F4144B /* Debug */ = {
			isa = XCBuildConfiguration;
			buildSettings = {
				ALWAYS_SEARCH_USER_PATHS = NO;
				CLANG_ANALYZER_NONNULL = YES;
				CLANG_ANALYZER_NUMBER_OBJECT_CONVERSION = YES_AGGRESSIVE;
				CLANG_CXX_LANGUAGE_STANDARD = "gnu++14";
				CLANG_CXX_LIBRARY = "libc++";
				CLANG_ENABLE_MODULES = YES;
				CLANG_ENABLE_OBJC_ARC = YES;
				CLANG_ENABLE_OBJC_WEAK = YES;
				CLANG_WARN_BLOCK_CAPTURE_AUTORELEASING = YES;
				CLANG_WARN_BOOL_CONVERSION = YES;
				CLANG_WARN_COMMA = YES;
				CLANG_WARN_CONSTANT_CONVERSION = YES;
				CLANG_WARN_DEPRECATED_OBJC_IMPLEMENTATIONS = YES;
				CLANG_WARN_DIRECT_OBJC_ISA_USAGE = YES_ERROR;
				CLANG_WARN_DOCUMENTATION_COMMENTS = YES;
				CLANG_WARN_EMPTY_BODY = YES;
				CLANG_WARN_ENUM_CONVERSION = YES;
				CLANG_WARN_INFINITE_RECURSION = YES;
				CLANG_WARN_INT_CONVERSION = YES;
				CLANG_WARN_NON_LITERAL_NULL_CONVERSION = YES;
				CLANG_WARN_OBJC_IMPLICIT_RETAIN_SELF = YES;
				CLANG_WARN_OBJC_LITERAL_CONVERSION = YES;
				CLANG_WARN_OBJC_ROOT_CLASS = YES_ERROR;
				CLANG_WARN_QUOTED_INCLUDE_IN_FRAMEWORK_HEADER = YES;
				CLANG_WARN_RANGE_LOOP_ANALYSIS = YES;
				CLANG_WARN_STRICT_PROTOTYPES = YES;
				CLANG_WARN_SUSPICIOUS_MOVE = YES;
				CLANG_WARN_UNGUARDED_AVAILABILITY = YES_AGGRESSIVE;
				CLANG_WARN_UNREACHABLE_CODE = YES;
				CLANG_WARN__DUPLICATE_METHOD_MATCH = YES;
				COPY_PHASE_STRIP = NO;
				DEBUG_INFORMATION_FORMAT = dwarf;
				ENABLE_STRICT_OBJC_MSGSEND = YES;
				ENABLE_TESTABILITY = YES;
				GCC_C_LANGUAGE_STANDARD = gnu11;
				GCC_DYNAMIC_NO_PIC = NO;
				GCC_NO_COMMON_BLOCKS = YES;
				GCC_OPTIMIZATION_LEVEL = 0;
				GCC_PREPROCESSOR_DEFINITIONS = (
					"$(inherited)",
					"DEBUG=1",
				);
				GCC_WARN_64_TO_32_BIT_CONVERSION = YES;
				GCC_WARN_ABOUT_RETURN_TYPE = YES_ERROR;
				GCC_WARN_UNDECLARED_SELECTOR = YES;
				GCC_WARN_UNINITIALIZED_AUTOS = YES_AGGRESSIVE;
				GCC_WARN_UNUSED_FUNCTION = YES;
				GCC_WARN_UNUSED_VARIABLE = YES;
				IPHONEOS_DEPLOYMENT_TARGET = 17.0;
				MTL_ENABLE_DEBUG_INFO = INCLUDE_SOURCE;
				MTL_FAST_MATH = YES;
				ONLY_ACTIVE_ARCH = YES;
				PRODUCT_NAME = "$(TARGET_NAME)";
				SDKROOT = iphoneos;
				SWIFT_ACTIVE_COMPILATION_CONDITIONS = DEBUG;
				SWIFT_OPTIMIZATION_LEVEL = "-Onone";
				SWIFT_VERSION = 5.0;
			};
			name = Debug;
		};
		6477576086FC63B7D26A29D2 /* Release */ = {
			isa = XCBuildConfiguration;
			buildSettings = {
				ALWAYS_SEARCH_USER_PATHS = NO;
				CLANG_ANALYZER_NONNULL = YES;
				CLANG_ANALYZER_NUMBER_OBJECT_CONVERSION = YES_AGGRESSIVE;
				CLANG_CXX_LANGUAGE_STANDARD = "gnu++14";
				CLANG_CXX_LIBRARY = "libc++";
				CLANG_ENABLE_MODULES = YES;
				CLANG_ENABLE_OBJC_ARC = YES;
				CLANG_ENABLE_OBJC_WEAK = YES;
				CLANG_WARN_BLOCK_CAPTURE_AUTORELEASING = YES;
				CLANG_WARN_BOOL_CONVERSION = YES;
				CLANG_WARN_COMMA = YES;
				CLANG_WARN_CONSTANT_CONVERSION = YES;
				CLANG_WARN_DEPRECATED_OBJC_IMPLEMENTATIONS = YES;
				CLANG_WARN_DIRECT_OBJC_ISA_USAGE = YES_ERROR;
				CLANG_WARN_DOCUMENTATION_COMMENTS = YES;
				CLANG_WARN_EMPTY_BODY = YES;
				CLANG_WARN_ENUM_CONVERSION = YES;
				CLANG_WARN_INFINITE_RECURSION = YES;
				CLANG_WARN_INT_CONVERSION = YES;
				CLANG_WARN_NON_LITERAL_NULL_CONVERSION = YES;
				CLANG_WARN_OBJC_IMPLICIT_RETAIN_SELF = YES;
				CLANG_WARN_OBJC_LITERAL_CONVERSION = YES;
				CLANG_WARN_OBJC_ROOT_CLASS = YES_ERROR;
				CLANG_WARN_QUOTED_INCLUDE_IN_FRAMEWORK_HEADER = YES;
				CLANG_WARN_RANGE_LOOP_ANALYSIS = YES;
				CLANG_WARN_STRICT_PROTOTYPES = YES;
				CLANG_WARN_SUSPICIOUS_MOVE = YES;
				CLANG_WARN_UNGUARDED_AVAILABILITY = YES_AGGRESSIVE;
				CLANG_WARN_UNREACHABLE_CODE = YES;
				CLANG_WARN__DUPLICATE_METHOD_MATCH = YES;
				COPY_PHASE_STRIP = NO;
				DEBUG_INFORMATION_FORMAT = "dwarf-with-dsym";
				ENABLE_NS_ASSERTIONS = NO;
				ENABLE_STRICT_OBJC_MSGSEND = YES;
				GCC_C_LANGUAGE_STANDARD = gnu11;
				GCC_NO_COMMON_BLOCKS = YES;
				GCC_WARN_64_TO_32_BIT_CONVERSION = YES;
				GCC_WARN_ABOUT_RETURN_TYPE = YES_ERROR;
				GCC_WARN_UNDECLARED_SELECTOR = YES;
				GCC_WARN_UNINITIALIZED_AUTOS = YES_AGGRESSIVE;
				GCC_WARN_UNUSED_FUNCTION = YES;
				GCC_WARN_UNUSED_VARIABLE = YES;
				IPHONEOS_DEPLOYMENT_TARGET = 17.0;
				MTL_ENABLE_DEBUG_INFO = NO;
				MTL_FAST_MATH = YES;
				PRODUCT_NAME = "$(TARGET_NAME)";
				SDKROOT = iphoneos;
				SWIFT_COMPILATION_MODE = wholemodule;
				SWIFT_OPTIMIZATION_LEVEL = "-O";
				SWIFT_VERSION = 5.0;
			};
			name = Release;
		};
		663A9DFFC4C9AC39B51966DC /* Release */ = {
			isa = XCBuildConfiguration;
			buildSettings = {
				ASSETCATALOG_COMPILER_APPICON_NAME = AppIcon;
				CODE_SIGN_IDENTITY = "Apple Development";
				CODE_SIGN_STYLE = Automatic;
				CURRENT_PROJECT_VERSION = 1;
				DEVELOPMENT_TEAM = 97M8QABMLM;
				GENERATE_INFOPLIST_FILE = YES;
				INFOPLIST_KEY_CFBundleDisplayName = "SimpleTimer+";
				INFOPLIST_KEY_ITSAppUsesNonExemptEncryption = NO;
				INFOPLIST_KEY_NSSupportsLiveActivities = YES;
				INFOPLIST_KEY_UILaunchScreen_Generation = YES;
				INFOPLIST_KEY_UISupportedInterfaceOrientations_iPad = "UIInterfaceOrientationPortrait UIInterfaceOrientationPortraitUpsideDown UIInterfaceOrientationLandscapeLeft UIInterfaceOrientationLandscapeRight";
				INFOPLIST_KEY_UISupportedInterfaceOrientations_iPhone = UIInterfaceOrientationPortrait;
				LD_RUNPATH_SEARCH_PATHS = (
					"$(inherited)",
					"@executable_path/Frameworks",
				);
				MARKETING_VERSION = 1.0.2;
				PRODUCT_BUNDLE_IDENTIFIER = ch.simpletimer.app;
				SDKROOT = iphoneos;
				SWIFT_VERSION = 5.9;
				TARGETED_DEVICE_FAMILY = "1,2";
			};
			name = Release;
		};
		9A29D847667607459FA490FC /* Debug */ = {
			isa = XCBuildConfiguration;
			buildSettings = {
				ASSETCATALOG_COMPILER_APPICON_NAME = AppIcon;
				CODE_SIGN_IDENTITY = "Apple Development";
				CODE_SIGN_STYLE = Automatic;
				CURRENT_PROJECT_VERSION = 1;
				DEVELOPMENT_TEAM = 97M8QABMLM;
				GENERATE_INFOPLIST_FILE = YES;
				INFOPLIST_KEY_CFBundleDisplayName = "SimpleTimer+";
				INFOPLIST_KEY_ITSAppUsesNonExemptEncryption = NO;
				INFOPLIST_KEY_NSSupportsLiveActivities = YES;
				INFOPLIST_KEY_UILaunchScreen_Generation = YES;
				INFOPLIST_KEY_UISupportedInterfaceOrientations_iPad = "UIInterfaceOrientationPortrait UIInterfaceOrientationPortraitUpsideDown UIInterfaceOrientationLandscapeLeft UIInterfaceOrientationLandscapeRight";
				INFOPLIST_KEY_UISupportedInterfaceOrientations_iPhone = UIInterfaceOrientationPortrait;
				LD_RUNPATH_SEARCH_PATHS = (
					"$(inherited)",
					"@executable_path/Frameworks",
				);
				MARKETING_VERSION = 1.0.2;
				PRODUCT_BUNDLE_IDENTIFIER = ch.simpletimer.app;
				SDKROOT = iphoneos;
				SWIFT_VERSION = 5.9;
				TARGETED_DEVICE_FAMILY = "1,2";
			};
			name = Debug;
		};
		AACC00010001000BAACC000B /* Debug */ = {
			isa = XCBuildConfiguration;
			buildSettings = {
				CODE_SIGN_IDENTITY = "Apple Development";
				CODE_SIGN_STYLE = Automatic;
				CURRENT_PROJECT_VERSION = 1;
				DEVELOPMENT_TEAM = 97M8QABMLM;
				GENERATE_INFOPLIST_FILE = YES;
				MARKETING_VERSION = 1.0.2;
				PRODUCT_BUNDLE_IDENTIFIER = ch.simpletimer.app.uitests;
				SDKROOT = iphoneos;
				SWIFT_VERSION = 5.9;
				TARGETED_DEVICE_FAMILY = "1,2";
				TEST_TARGET_NAME = SimpleTimer;
			};
			name = Debug;
		};
		AACC00010001000CAACC000C /* Release */ = {
			isa = XCBuildConfiguration;
			buildSettings = {
				CODE_SIGN_IDENTITY = "Apple Development";
				CODE_SIGN_STYLE = Automatic;
				CURRENT_PROJECT_VERSION = 1;
				DEVELOPMENT_TEAM = 97M8QABMLM;
				GENERATE_INFOPLIST_FILE = YES;
				MARKETING_VERSION = 1.0.2;
				PRODUCT_BUNDLE_IDENTIFIER = ch.simpletimer.app.uitests;
				SDKROOT = iphoneos;
				SWIFT_VERSION = 5.9;
				TARGETED_DEVICE_FAMILY = "1,2";
				TEST_TARGET_NAME = SimpleTimer;
			};
			name = Release;
		};
		F1A2B3C4D5E6F7A8B9C0E009 /* Debug */ = {
			isa = XCBuildConfiguration;
			buildSettings = {
				CODE_SIGN_IDENTITY = "Apple Development";
				CODE_SIGN_STYLE = Automatic;
				CURRENT_PROJECT_VERSION = 1;
				DEVELOPMENT_TEAM = 97M8QABMLM;
				GENERATE_INFOPLIST_FILE = YES;
				INFOPLIST_FILE = SimpleTimerWidgets/Info.plist;
				INFOPLIST_KEY_CFBundleDisplayName = SimpleTimerWidgets;
				INFOPLIST_KEY_NSHumanReadableCopyright = "";
				LD_RUNPATH_SEARCH_PATHS = (
					"$(inherited)",
					"@executable_path/Frameworks",
					"@executable_path/../../Frameworks",
				);
				MARKETING_VERSION = 1.0.2;
				PRODUCT_BUNDLE_IDENTIFIER = ch.simpletimer.app.widgets;
				SDKROOT = iphoneos;
				SKIP_INSTALL = YES;
				SWIFT_EMIT_LOC_STRINGS = YES;
				SWIFT_VERSION = 5.9;
				TARGETED_DEVICE_FAMILY = "1,2";
			};
			name = Debug;
		};
		F1A2B3C4D5E6F7A8B9C0E00A /* Release */ = {
			isa = XCBuildConfiguration;
			buildSettings = {
				CODE_SIGN_IDENTITY = "Apple Development";
				CODE_SIGN_STYLE = Automatic;
				CURRENT_PROJECT_VERSION = 1;
				DEVELOPMENT_TEAM = 97M8QABMLM;
				GENERATE_INFOPLIST_FILE = YES;
				INFOPLIST_FILE = SimpleTimerWidgets/Info.plist;
				INFOPLIST_KEY_CFBundleDisplayName = SimpleTimerWidgets;
				INFOPLIST_KEY_NSHumanReadableCopyright = "";
				LD_RUNPATH_SEARCH_PATHS = (
					"$(inherited)",
					"@executable_path/Frameworks",
					"@executable_path/../../Frameworks",
				);
				MARKETING_VERSION = 1.0.2;
				PRODUCT_BUNDLE_IDENTIFIER = ch.simpletimer.app.widgets;
				SDKROOT = iphoneos;
				SKIP_INSTALL = YES;
				SWIFT_EMIT_LOC_STRINGS = YES;
				SWIFT_VERSION = 5.9;
				TARGETED_DEVICE_FAMILY = "1,2";
			};
			name = Release;
		};
/* End XCBuildConfiguration section */

/* Begin XCConfigurationList section */
		AACC00010001000DAACC000D /* Build configuration list for PBXNativeTarget "SimpleTimerUITests" */ = {
			isa = XCConfigurationList;
			buildConfigurations = (
				AACC00010001000BAACC000B /* Debug */,
				AACC00010001000CAACC000C /* Release */,
			);
			defaultConfigurationIsVisible = 0;
			defaultConfigurationName = Debug;
		};
		B2FFC68FE2917FC33C22FFB5 /* Build configuration list for PBXProject "SimpleTimer" */ = {
			isa = XCConfigurationList;
			buildConfigurations = (
				3B5B77E9FA9240C754F4144B /* Debug */,
				6477576086FC63B7D26A29D2 /* Release */,
			);
			defaultConfigurationIsVisible = 0;
			defaultConfigurationName = Debug;
		};
		F1A2B3C4D5E6F7A8B9C0E008 /* Build configuration list for PBXNativeTarget "SimpleTimerWidgets" */ = {
			isa = XCConfigurationList;
			buildConfigurations = (
				F1A2B3C4D5E6F7A8B9C0E009 /* Debug */,
				F1A2B3C4D5E6F7A8B9C0E00A /* Release */,
			);
			defaultConfigurationIsVisible = 0;
			defaultConfigurationName = Debug;
		};
		F9B109DE323EA4CA8B7B0CD8 /* Build configuration list for PBXNativeTarget "SimpleTimer" */ = {
			isa = XCConfigurationList;
			buildConfigurations = (
				9A29D847667607459FA490FC /* Debug */,
				663A9DFFC4C9AC39B51966DC /* Release */,
			);
			defaultConfigurationIsVisible = 0;
			defaultConfigurationName = Debug;
		};
/* End XCConfigurationList section */
	};
	rootObject = 1796F758820ECC507D91C41F /* Project object */;
}
